
Microsoft Visual Studio Solution File, Format Version 12.00
# Visual Studio 14
VisualStudioVersion = 14.0.24720.0
MinimumVisualStudioVersion = 10.0.40219.1
Project("{FAE04EC0-301F-11D3-BF4B-00C04F79EFBC}") = "CashMachine", "CashMachine\CashMachine.csproj", "{AC8BCA51-563B-4383-872A-19743B590D9D}"
EndProject
Project("{FAE04EC0-301F-11D3-BF4B-00C04F79EFBC}") = "CashMachine.Tests", "CashMachine.Tests\CashMachine.Tests.csproj", "{7CAA64DF-9B02-4343-A317-EFED8A36F54F}"
EndProject
Project("{FAE04EC0-301F-11D3-BF4B-00C04F79EFBC}") = "CashMachineWeb", "CashMachineWeb\CashMachineWeb.csproj", "{2E80C571-3C7E-4456-A210-7DB0F9EEF4C7}"
EndProject
Global
	GlobalSection(SolutionConfigurationPlatforms) = preSolution
		Debug|Any CPU = Debug|Any CPU
		Release|Any CPU = Release|Any CPU
	EndGlobalSection
	GlobalSection(ProjectConfigurationPlatforms) = postSolution
		{AC8BCA51-563B-4383-872A-19743B590D9D}.Debug|Any CPU.ActiveCfg = Debug|Any CPU
		{AC8BCA51-563B-4383-872A-19743B590D9D}.Debug|Any CPU.Build.0 = Debug|Any CPU
		{AC8BCA51-563B-4383-872A-19743B590D9D}.Release|Any CPU.ActiveCfg = Release|Any CPU
		{AC8BCA51-563B-4383-872A-19743B590D9D}.Release|Any CPU.Build.0 = Release|Any CPU
		{7CAA64DF-9B02-4343-A317-EFED8A36F54F}.Debug|Any CPU.ActiveCfg = Debug|Any CPU
		{7CAA64DF-9B02-4343-A317-EFED8A36F54F}.Debug|Any CPU.Build.0 = Debug|Any CPU
		{7CAA64DF-9B02-4343-A317-EFED8A36F54F}.Release|Any CPU.ActiveCfg = Release|Any CPU
		{7CAA64DF-9B02-4343-A317-EFED8A36F54F}.Release|Any CPU.Build.0 = Release|Any CPU
		{2E80C571-3C7E-4456-A210-7DB0F9EEF4C7}.Debug|Any CPU.ActiveCfg = Debug|Any CPU
		{2E80C571-3C7E-4456-A210-7DB0F9EEF4C7}.Debug|Any CPU.Build.0 = Debug|Any CPU
		{2E80C571-3C7E-4456-A210-7DB0F9EEF4C7}.Release|Any CPU.ActiveCfg = Release|Any CPU
		{2E80C571-3C7E-4456-A210-7DB0F9EEF4C7}.Release|Any CPU.Build.0 = Release|Any CPU
	EndGlobalSection
	GlobalSection(SolutionProperties) = preSolution
		HideSolutionNode = FALSE
	EndGlobalSection
EndGlobal
